
Microsoft Visual Studio Solution File, Format Version 12.00
# Visual Studio Version 16
VisualStudioVersion = 16.0.31424.327
MinimumVisualStudioVersion = 10.0.40219.1
Project("{FAE04EC0-301F-11D3-BF4B-00C04F79EFBC}") = "Vroom", "Vroom\Vroom.csproj", "{C6DF2EC3-D4EF-4773-BA57-2E855BFE62A5}"
EndProject
Project("{2150E333-8FDC-42A3-9474-1A3956D46DE8}") = "Solution Items", "Solution Items", "{98E750ED-0C01-4485-BBB0-FF0F1CC55DC4}"
	ProjectSection(SolutionItems) = preProject
		Readme.txt = Readme.txt
	EndProjectSection
EndProject
Global
	GlobalSection(SolutionConfigurationPlatforms) = preSolution
		Debug|Any CPU = Debug|Any CPU
		Release|Any CPU = Release|Any CPU
	EndGlobalSection
	GlobalSection(ProjectConfigurationPlatforms) = postSolution
		{C6DF2EC3-D4EF-4773-BA57-2E855BFE62A5}.Debug|Any CPU.ActiveCfg = Debug|Any CPU
		{C6DF2EC3-D4EF-4773-BA57-2E855BFE62A5}.Debug|Any CPU.Build.0 = Debug|Any CPU
		{C6DF2EC3-D4EF-4773-BA57-2E855BFE62A5}.Release|Any CPU.ActiveCfg = Release|Any CPU
		{C6DF2EC3-D4EF-4773-BA57-2E855BFE62A5}.Release|Any CPU.Build.0 = Release|Any CPU
	EndGlobalSection
	GlobalSection(SolutionProperties) = preSolution
		HideSolutionNode = FALSE
	EndGlobalSection
	GlobalSection(ExtensibilityGlobals) = postSolution
		SolutionGuid = {B5F67C67-5CB7-4E1F-8575-00449EBA7D78}
	EndGlobalSection
EndGlobal
